
Microsoft Visual Studio Solution File, Format Version 12.00
# Visual Studio 2013
VisualStudioVersion = 12.0.40629.0
MinimumVisualStudioVersion = 10.0.40219.1
Project("{FAE04EC0-301F-11D3-BF4B-00C04F79EFBC}") = "DataStoreProject.Web", "DataStoreProject.Web\DataStoreProject.Web.csproj", "{02D3EC9E-0DB8-43CE-9930-8D49C73E5DBA}"
EndProject
Project("{FAE04EC0-301F-11D3-BF4B-00C04F79EFBC}") = "DataStoreProject.Model", "DataStoreProject.Model\DataStoreProject.Model.csproj", "{1D31BC16-FAB4-42EB-9797-C2B76CC99564}"
EndProject
Project("{FAE04EC0-301F-11D3-BF4B-00C04F79EFBC}") = "DataStoreProject.Business", "DataStoreProject.Business\DataStoreProject.Business.csproj", "{26743C59-0B21-4A32-BB90-5F92708A4898}"
EndProject
Global
	GlobalSection(SubversionScc) = preSolution
		Svn-Managed = True
		Manager = AnkhSVN - Subversion Support for Visual Studio
	EndGlobalSection
	GlobalSection(SolutionConfigurationPlatforms) = preSolution
		Debug|Any CPU = Debug|Any CPU
		Release|Any CPU = Release|Any CPU
	EndGlobalSection
	GlobalSection(ProjectConfigurationPlatforms) = postSolution
		{02D3EC9E-0DB8-43CE-9930-8D49C73E5DBA}.Debug|Any CPU.ActiveCfg = Debug|Any CPU
		{02D3EC9E-0DB8-43CE-9930-8D49C73E5DBA}.Debug|Any CPU.Build.0 = Debug|Any CPU
		{02D3EC9E-0DB8-43CE-9930-8D49C73E5DBA}.Release|Any CPU.ActiveCfg = Release|Any CPU
		{02D3EC9E-0DB8-43CE-9930-8D49C73E5DBA}.Release|Any CPU.Build.0 = Release|Any CPU
		{1D31BC16-FAB4-42EB-9797-C2B76CC99564}.Debug|Any CPU.ActiveCfg = Debug|Any CPU
		{1D31BC16-FAB4-42EB-9797-C2B76CC99564}.Debug|Any CPU.Build.0 = Debug|Any CPU
		{1D31BC16-FAB4-42EB-9797-C2B76CC99564}.Release|Any CPU.ActiveCfg = Release|Any CPU
		{1D31BC16-FAB4-42EB-9797-C2B76CC99564}.Release|Any CPU.Build.0 = Release|Any CPU
		{26743C59-0B21-4A32-BB90-5F92708A4898}.Debug|Any CPU.ActiveCfg = Debug|Any CPU
		{26743C59-0B21-4A32-BB90-5F92708A4898}.Debug|Any CPU.Build.0 = Debug|Any CPU
		{26743C59-0B21-4A32-BB90-5F92708A4898}.Release|Any CPU.ActiveCfg = Release|Any CPU
		{26743C59-0B21-4A32-BB90-5F92708A4898}.Release|Any CPU.Build.0 = Release|Any CPU
	EndGlobalSection
	GlobalSection(SolutionProperties) = preSolution
		HideSolutionNode = FALSE
	EndGlobalSection
	GlobalSection(ExtensibilityGlobals) = postSolution
		SolutionGuid = {20010342-2FDF-4A54-A670-D84947C9097E}
	EndGlobalSection
EndGlobal
